
Microsoft Visual Studio Solution File, Format Version 12.00
# Visual Studio Version 16
VisualStudioVersion = 16.0.31402.337
MinimumVisualStudioVersion = 10.0.40219.1
Project("{FAE04EC0-301F-11D3-BF4B-00C04F79EFBC}") = "WebProject", "WebProject.csproj", "{D3C34D67-5B93-498B-A1DD-4E94836B9D1D}"
EndProject
Global
	GlobalSection(SolutionConfigurationPlatforms) = preSolution
		Debug|Any CPU = Debug|Any CPU
		Release|Any CPU = Release|Any CPU
	EndGlobalSection
	GlobalSection(ProjectConfigurationPlatforms) = postSolution
		{D3C34D67-5B93-498B-A1DD-4E94836B9D1D}.Debug|Any CPU.ActiveCfg = Debug|Any CPU
		{D3C34D67-5B93-498B-A1DD-4E94836B9D1D}.Debug|Any CPU.Build.0 = Debug|Any CPU
		{D3C34D67-5B93-498B-A1DD-4E94836B9D1D}.Release|Any CPU.ActiveCfg = Release|Any CPU
		{D3C34D67-5B93-498B-A1DD-4E94836B9D1D}.Release|Any CPU.Build.0 = Release|Any CPU
	EndGlobalSection
	GlobalSection(SolutionProperties) = preSolution
		HideSolutionNode = FALSE
	EndGlobalSection
	GlobalSection(ExtensibilityGlobals) = postSolution
		SolutionGuid = {F53A02E4-3C1C-491F-B11F-1E3B6CE57F4C}
	EndGlobalSection
EndGlobal
